
Microsoft Visual Studio Solution File, Format Version 12.00
# Visual Studio Version 17
VisualStudioVersion = 17.3.32929.385
MinimumVisualStudioVersion = 10.0.40219.1
Project("{FAE04EC0-301F-11D3-BF4B-00C04F79EFBC}") = "AppConselhos.Android", "AppConselhos\AppConselhos.Android\AppConselhos.Android.csproj", "{9F42C56D-33A7-41FB-8184-D3076F56FA0F}"
EndProject
Project("{FAE04EC0-301F-11D3-BF4B-00C04F79EFBC}") = "AppConselhos", "AppConselhos\AppConselhos\AppConselhos.csproj", "{C71DDCE0-6C7E-4878-9C4A-ED5A7A92C299}"
EndProject
Global
	GlobalSection(SolutionConfigurationPlatforms) = preSolution
		Debug|Any CPU = Debug|Any CPU
		Release|Any CPU = Release|Any CPU
	EndGlobalSection
	GlobalSection(ProjectConfigurationPlatforms) = postSolution
		{9F42C56D-33A7-41FB-8184-D3076F56FA0F}.Debug|Any CPU.ActiveCfg = Debug|Any CPU
		{9F42C56D-33A7-41FB-8184-D3076F56FA0F}.Debug|Any CPU.Build.0 = Debug|Any CPU
		{9F42C56D-33A7-41FB-8184-D3076F56FA0F}.Debug|Any CPU.Deploy.0 = Debug|Any CPU
		{9F42C56D-33A7-41FB-8184-D3076F56FA0F}.Release|Any CPU.ActiveCfg = Release|Any CPU
		{9F42C56D-33A7-41FB-8184-D3076F56FA0F}.Release|Any CPU.Build.0 = Release|Any CPU
		{9F42C56D-33A7-41FB-8184-D3076F56FA0F}.Release|Any CPU.Deploy.0 = Release|Any CPU
		{C71DDCE0-6C7E-4878-9C4A-ED5A7A92C299}.Debug|Any CPU.ActiveCfg = Debug|Any CPU
		{C71DDCE0-6C7E-4878-9C4A-ED5A7A92C299}.Debug|Any CPU.Build.0 = Debug|Any CPU
		{C71DDCE0-6C7E-4878-9C4A-ED5A7A92C299}.Debug|Any CPU.Deploy.0 = Debug|Any CPU
		{C71DDCE0-6C7E-4878-9C4A-ED5A7A92C299}.Release|Any CPU.ActiveCfg = Release|Any CPU
		{C71DDCE0-6C7E-4878-9C4A-ED5A7A92C299}.Release|Any CPU.Build.0 = Release|Any CPU
		{C71DDCE0-6C7E-4878-9C4A-ED5A7A92C299}.Release|Any CPU.Deploy.0 = Release|Any CPU
	EndGlobalSection
	GlobalSection(SolutionProperties) = preSolution
		HideSolutionNode = FALSE
	EndGlobalSection
	GlobalSection(ExtensibilityGlobals) = postSolution
		SolutionGuid = {17B0579B-39EE-47D2-AF58-965E9EF4E637}
	EndGlobalSection
EndGlobal
